// !$*UTF8*$!
{
	archiveVersion = 1;
	classes = {
	};
	objectVersion = 50;
	objects = {

/* Begin PBXBuildFile section */
		AF09FF0025FCD65F003A2B73 /* EmojiArtApp.swift in Sources */ = {isa = PBXBuildFile; fileRef = AF09FEFF25FCD65F003A2B73 /* EmojiArtApp.swift */; };
		AF09FF0225FCD65F003A2B73 /* EmojiArtDocumentView.swift in Sources */ = {isa = PBXBuildFile; fileRef = AF09FF0125FCD65F003A2B73 /* EmojiArtDocumentView.swift */; };
		AF09FF0425FCD660003A2B73 /* Assets.xcassets in Resources */ = {isa = PBXBuildFile; fileRef = AF09FF0325FCD660003A2B73 /* Assets.xcassets */; };
		AF09FF0725FCD660003A2B73 /* Preview Assets.xcassets in Resources */ = {isa = PBXBuildFile; fileRef = AF09FF0625FCD660003A2B73 /* Preview Assets.xcassets */; };
		AF09FF1225FCD660003A2B73 /* EmojiArtTests.swift in Sources */ = {isa = PBXBuildFile; fileRef = AF09FF1125FCD660003A2B73 /* EmojiArtTests.swift */; };
		AF09FF1D25FCD660003A2B73 /* EmojiArtUITests.swift in Sources */ = {isa = PBXBuildFile; fileRef = AF09FF1C25FCD660003A2B73 /* EmojiArtUITests.swift */; };
		AF09FF2E25FCD68B003A2B73 /* EmojiArtDocument.swift in Sources */ = {isa = PBXBuildFile; fileRef = AF09FF2D25FCD68B003A2B73 /* EmojiArtDocument.swift */; };
		AF315C1725FDC56200D2D129 /* EmojiArt.swift in Sources */ = {isa = PBXBuildFile; fileRef = AF315C1625FDC56200D2D129 /* EmojiArt.swift */; };
		AF315C2125FE10AE00D2D129 /* EmojiArtExtensions.swift in Sources */ = {isa = PBXBuildFile; fileRef = AF315C2025FE10AE00D2D129 /* EmojiArtExtensions.swift */; };
/* End PBXBuildFile section */

/* Begin PBXContainerItemProxy section */
		AF09FF0E25FCD660003A2B73 /* PBXContainerItemProxy */ = {
			isa = PBXContainerItemProxy;
			containerPortal = AF09FEF425FCD65F003A2B73 /* Project object */;
			proxyType = 1;
			remoteGlobalIDString = AF09FEFB25FCD65F003A2B73;
			remoteInfo = EmojiArt;
		};
		AF09FF1925FCD660003A2B73 /* PBXContainerItemProxy */ = {
			isa = PBXContainerItemProxy;
			containerPortal = AF09FEF425FCD65F003A2B73 /* Project object */;
			proxyType = 1;
			remoteGlobalIDString = AF09FEFB25FCD65F003A2B73;
			remoteInfo = EmojiArt;
		};
/* End PBXContainerItemProxy section */

/* Begin PBXFileReference section */
		AF09FEFC25FCD65F003A2B73 /* EmojiArt.app */ = {isa = PBXFileReference; explicitFileType = wrapper.application; includeInIndex = 0; path = EmojiArt.app; sourceTree = BUILT_PRODUCTS_DIR; };
		AF09FEFF25FCD65F003A2B73 /* EmojiArtApp.swift */ = {isa = PBXFileReference; lastKnownFileType = sourcecode.swift; path = EmojiArtApp.swift; sourceTree = "<group>"; };
		AF09FF0125FCD65F003A2B73 /* EmojiArtDocumentView.swift */ = {isa = PBXFileReference; lastKnownFileType = sourcecode.swift; path = EmojiArtDocumentView.swift; sourceTree = "<group>"; };
		AF09FF0325FCD660003A2B73 /* Assets.xcassets */ = {isa = PBXFileReference; lastKnownFileType = folder.assetcatalog; path = Assets.xcassets; sourceTree = "<group>"; };
		AF09FF0625FCD660003A2B73 /* Preview Assets.xcassets */ = {isa = PBXFileReference; lastKnownFileType = folder.assetcatalog; path = "Preview Assets.xcassets"; sourceTree = "<group>"; };
		AF09FF0825FCD660003A2B73 /* Info.plist */ = {isa = PBXFileReference; lastKnownFileType = text.plist.xml; path = Info.plist; sourceTree = "<group>"; };
		AF09FF0D25FCD660003A2B73 /* EmojiArtTests.xctest */ = {isa = PBXFileReference; explicitFileType = wrapper.cfbundle; includeInIndex = 0; path = EmojiArtTests.xctest; sourceTree = BUILT_PRODUCTS_DIR; };
		AF09FF1125FCD660003A2B73 /* EmojiArtTests.swift */ = {isa = PBXFileReference; lastKnownFileType = sourcecode.swift; path = EmojiArtTests.swift; sourceTree = "<group>"; };
		AF09FF1325FCD660003A2B73 /* Info.plist */ = {isa = PBXFileReference; lastKnownFileType = text.plist.xml; path = Info.plist; sourceTree = "<group>"; };
		AF09FF1825FCD660003A2B73 /* EmojiArtUITests.xctest */ = {isa = PBXFileReference; explicitFileType = wrapper.cfbundle; includeInIndex = 0; path = EmojiArtUITests.xctest; sourceTree = BUILT_PRODUCTS_DIR; };
		AF09FF1C25FCD660003A2B73 /* EmojiArtUITests.swift */ = {isa = PBXFileReference; lastKnownFileType = sourcecode.swift; path = EmojiArtUITests.swift; sourceTree = "<group>"; };
		AF09FF1E25FCD660003A2B73 /* Info.plist */ = {isa = PBXFileReference; lastKnownFileType = text.plist.xml; path = Info.plist; sourceTree = "<group>"; };
		AF09FF2D25FCD68B003A2B73 /* EmojiArtDocument.swift */ = {isa = PBXFileReference; lastKnownFileType = sourcecode.swift; path = EmojiArtDocument.swift; sourceTree = "<group>"; };
		AF315C1625FDC56200D2D129 /* EmojiArt.swift */ = {isa = PBXFileReference; lastKnownFileType = sourcecode.swift; path = EmojiArt.swift; sourceTree = "<group>"; };
		AF315C2025FE10AE00D2D129 /* EmojiArtExtensions.swift */ = {isa = PBXFileReference; fileEncoding = 4; lastKnownFileType = sourcecode.swift; path = EmojiArtExtensions.swift; sourceTree = "<group>"; };
/* End PBXFileReference section */

/* Begin PBXFrameworksBuildPhase section */
		AF09FEF925FCD65F003A2B73 /* Frameworks */ = {
			isa = PBXFrameworksBuildPhase;
			buildActionMask = 2147483647;
			files = (
			);
			runOnlyForDeploymentPostprocessing = 0;
		};
		AF09FF0A25FCD660003A2B73 /* Frameworks */ = {
			isa = PBXFrameworksBuildPhase;
			buildActionMask = 2147483647;
			files = (
			);
			runOnlyForDeploymentPostprocessing = 0;
		};
		AF09FF1525FCD660003A2B73 /* Frameworks */ = {
			isa = PBXFrameworksBuildPhase;
			buildActionMask = 2147483647;
			files = (
			);
			runOnlyForDeploymentPostprocessing = 0;
		};
/* End PBXFrameworksBuildPhase section */

/* Begin PBXGroup section */
		AF09FEF325FCD65F003A2B73 = {
			isa = PBXGroup;
			children = (
				AF09FEFE25FCD65F003A2B73 /* EmojiArt */,
				AF09FF1025FCD660003A2B73 /* EmojiArtTests */,
				AF09FF1B25FCD660003A2B73 /* EmojiArtUITests */,
				AF09FEFD25FCD65F003A2B73 /* Products */,
			);
			sourceTree = "<group>";
		};
		AF09FEFD25FCD65F003A2B73 /* Products */ = {
			isa = PBXGroup;
			children = (
				AF09FEFC25FCD65F003A2B73 /* EmojiArt.app */,
				AF09FF0D25FCD660003A2B73 /* EmojiArtTests.xctest */,
				AF09FF1825FCD660003A2B73 /* EmojiArtUITests.xctest */,
			);
			name = Products;
			sourceTree = "<group>";
		};
		AF09FEFE25FCD65F003A2B73 /* EmojiArt */ = {
			isa = PBXGroup;
			children = (
				AF315C2025FE10AE00D2D129 /* EmojiArtExtensions.swift */,
				AF09FEFF25FCD65F003A2B73 /* EmojiArtApp.swift */,
				AF09FF0125FCD65F003A2B73 /* EmojiArtDocumentView.swift */,
				AF09FF2D25FCD68B003A2B73 /* EmojiArtDocument.swift */,
				AF315C1625FDC56200D2D129 /* EmojiArt.swift */,
				AF09FF0325FCD660003A2B73 /* Assets.xcassets */,
				AF09FF0825FCD660003A2B73 /* Info.plist */,
				AF09FF0525FCD660003A2B73 /* Preview Content */,
			);
			path = EmojiArt;
			sourceTree = "<group>";
		};
		AF09FF0525FCD660003A2B73 /* Preview Content */ = {
			isa = PBXGroup;
			children = (
				AF09FF0625FCD660003A2B73 /* Preview Assets.xcassets */,
			);
			path = "Preview Content";
			sourceTree = "<group>";
		};
		AF09FF1025FCD660003A2B73 /* EmojiArtTests */ = {
			isa = PBXGroup;
			children = (
				AF09FF1125FCD660003A2B73 /* EmojiArtTests.swift */,
				AF09FF1325FCD660003A2B73 /* Info.plist */,
			);
			path = EmojiArtTests;
			sourceTree = "<group>";
		};
		AF09FF1B25FCD660003A2B73 /* EmojiArtUITests */ = {
			isa = PBXGroup;
			children = (
				AF09FF1C25FCD660003A2B73 /* EmojiArtUITests.swift */,
				AF09FF1E25FCD660003A2B73 /* Info.plist */,
			);
			path = EmojiArtUITests;
			sourceTree = "<group>";
		};
/* End PBXGroup section */

/* Begin PBXNativeTarget section */
		AF09FEFB25FCD65F003A2B73 /* EmojiArt */ = {
			isa = PBXNativeTarget;
			buildConfigurationList = AF09FF2125FCD660003A2B73 /* Build configuration list for PBXNativeTarget "EmojiArt" */;
			buildPhases = (
				AF09FEF825FCD65F003A2B73 /* Sources */,
				AF09FEF925FCD65F003A2B73 /* Frameworks */,
				AF09FEFA25FCD65F003A2B73 /* Resources */,
			);
			buildRules = (
			);
			dependencies = (
			);
			name = EmojiArt;
			productName = EmojiArt;
			productReference = AF09FEFC25FCD65F003A2B73 /* EmojiArt.app */;
			productType = "com.apple.product-type.application";
		};
		AF09FF0C25FCD660003A2B73 /* EmojiArtTests */ = {
			isa = PBXNativeTarget;
			buildConfigurationList = AF09FF2425FCD660003A2B73 /* Build configuration list for PBXNativeTarget "EmojiArtTests" */;
			buildPhases = (
				AF09FF0925FCD660003A2B73 /* Sources */,
				AF09FF0A25FCD660003A2B73 /* Frameworks */,
				AF09FF0B25FCD660003A2B73 /* Resources */,
			);
			buildRules = (
			);
			dependencies = (
				AF09FF0F25FCD660003A2B73 /* PBXTargetDependency */,
			);
			name = EmojiArtTests;
			productName = EmojiArtTests;
			productReference = AF09FF0D25FCD660003A2B73 /* EmojiArtTests.xctest */;
			productType = "com.apple.product-type.bundle.unit-test";
		};
		AF09FF1725FCD660003A2B73 /* EmojiArtUITests */ = {
			isa = PBXNativeTarget;
			buildConfigurationList = AF09FF2725FCD660003A2B73 /* Build configuration list for PBXNativeTarget "EmojiArtUITests" */;
			buildPhases = (
				AF09FF1425FCD660003A2B73 /* Sources */,
				AF09FF1525FCD660003A2B73 /* Frameworks */,
				AF09FF1625FCD660003A2B73 /* Resources */,
			);
			buildRules = (
			);
			dependencies = (
				AF09FF1A25FCD660003A2B73 /* PBXTargetDependency */,
			);
			name = EmojiArtUITests;
			productName = EmojiArtUITests;
			productReference = AF09FF1825FCD660003A2B73 /* EmojiArtUITests.xctest */;
			productType = "com.apple.product-type.bundle.ui-testing";
		};
/* End PBXNativeTarget section */

/* Begin PBXProject section */
		AF09FEF425FCD65F003A2B73 /* Project object */ = {
			isa = PBXProject;
			attributes = {
				LastSwiftUpdateCheck = 1240;
				LastUpgradeCheck = 1240;
				TargetAttributes = {
					AF09FEFB25FCD65F003A2B73 = {
						CreatedOnToolsVersion = 12.4;
					};
					AF09FF0C25FCD660003A2B73 = {
						CreatedOnToolsVersion = 12.4;
						TestTargetID = AF09FEFB25FCD65F003A2B73;
					};
					AF09FF1725FCD660003A2B73 = {
						CreatedOnToolsVersion = 12.4;
						TestTargetID = AF09FEFB25FCD65F003A2B73;
					};
				};
			};
			buildConfigurationList = AF09FEF725FCD65F003A2B73 /* Build configuration list for PBXProject "EmojiArt" */;
			compatibilityVersion = "Xcode 9.3";
			developmentRegion = en;
			hasScannedForEncodings = 0;
			knownRegions = (
				en,
				Base,
			);
			mainGroup = AF09FEF325FCD65F003A2B73;
			productRefGroup = AF09FEFD25FCD65F003A2B73 /* Products */;
			projectDirPath = "";
			projectRoot = "";
			targets = (
				AF09FEFB25FCD65F003A2B73 /* EmojiArt */,
				AF09FF0C25FCD660003A2B73 /* EmojiArtTests */,
				AF09FF1725FCD660003A2B73 /* EmojiArtUITests */,
			);
		};
/* End PBXProject section */

/* Begin PBXResourcesBuildPhase section */
		AF09FEFA25FCD65F003A2B73 /* Resources */ = {
			isa = PBXResourcesBuildPhase;
			buildActionMask = 2147483647;
			files = (
				AF09FF0725FCD660003A2B73 /* Preview Assets.xcassets in Resources */,
				AF09FF0425FCD660003A2B73 /* Assets.xcassets in Resources */,
			);
			runOnlyForDeploymentPostprocessing = 0;
		};
		AF09FF0B25FCD660003A2B73 /* Resources */ = {
			isa = PBXResourcesBuildPhase;
			buildActionMask = 2147483647;
			files = (
			);
			runOnlyForDeploymentPostprocessing = 0;
		};
		AF09FF1625FCD660003A2B73 /* Resources */ = {
			isa = PBXResourcesBuildPhase;
			buildActionMask = 2147483647;
			files = (
			);
			runOnlyForDeploymentPostprocessing = 0;
		};
/* End PBXResourcesBuildPhase section */

/* Begin PBXSourcesBuildPhase section */
		AF09FEF825FCD65F003A2B73 /* Sources */ = {
			isa = PBXSourcesBuildPhase;
			buildActionMask = 2147483647;
			files = (
				AF315C1725FDC56200D2D129 /* EmojiArt.swift in Sources */,
				AF315C2125FE10AE00D2D129 /* EmojiArtExtensions.swift in Sources */,
				AF09FF0225FCD65F003A2B73 /* EmojiArtDocumentView.swift in Sources */,
				AF09FF2E25FCD68B003A2B73 /* EmojiArtDocument.swift in Sources */,
				AF09FF0025FCD65F003A2B73 /* EmojiArtApp.swift in Sources */,
			);
			runOnlyForDeploymentPostprocessing = 0;
		};
		AF09FF0925FCD660003A2B73 /* Sources */ = {
			isa = PBXSourcesBuildPhase;
			buildActionMask = 2147483647;
			files = (
				AF09FF1225FCD660003A2B73 /* EmojiArtTests.swift in Sources */,
			);
			runOnlyForDeploymentPostprocessing = 0;
		};
		AF09FF1425FCD660003A2B73 /* Sources */ = {
			isa = PBXSourcesBuildPhase;
			buildActionMask = 2147483647;
			files = (
				AF09FF1D25FCD660003A2B73 /* EmojiArtUITests.swift in Sources */,
			);
			runOnlyForDeploymentPostprocessing = 0;
		};
/* End PBXSourcesBuildPhase section */

/* Begin PBXTargetDependency section */
		AF09FF0F25FCD660003A2B73 /* PBXTargetDependency */ = {
			isa = PBXTargetDependency;
			target = AF09FEFB25FCD65F003A2B73 /* EmojiArt */;
			targetProxy = AF09FF0E25FCD660003A2B73 /* PBXContainerItemProxy */;
		};
		AF09FF1A25FCD660003A2B73 /* PBXTargetDependency */ = {
			isa = PBXTargetDependency;
			target = AF09FEFB25FCD65F003A2B73 /* EmojiArt */;
			targetProxy = AF09FF1925FCD660003A2B73 /* PBXContainerItemProxy */;
		};
/* End PBXTargetDependency section */

/* Begin XCBuildConfiguration section */
		AF09FF1F25FCD660003A2B73 /* Debug */ = {
			isa = XCBuildConfiguration;
			buildSettings = {
				ALWAYS_SEARCH_USER_PATHS = NO;
				CLANG_ANALYZER_NONNULL = YES;
				CLANG_ANALYZER_NUMBER_OBJECT_CONVERSION = YES_AGGRESSIVE;
				CLANG_CXX_LANGUAGE_STANDARD = "gnu++14";
				CLANG_CXX_LIBRARY = "libc++";
				CLANG_ENABLE_MODULES = YES;
				CLANG_ENABLE_OBJC_ARC = YES;
				CLANG_ENABLE_OBJC_WEAK = YES;
				CLANG_WARN_BLOCK_CAPTURE_AUTORELEASING = YES;
				CLANG_WARN_BOOL_CONVERSION = YES;
				CLANG_WARN_COMMA = YES;
				CLANG_WARN_CONSTANT_CONVERSION = YES;
				CLANG_WARN_DEPRECATED_OBJC_IMPLEMENTATIONS = YES;
				CLANG_WARN_DIRECT_OBJC_ISA_USAGE = YES_ERROR;
				CLANG_WARN_DOCUMENTATION_COMMENTS = YES;
				CLANG_WARN_EMPTY_BODY = YES;
				CLANG_WARN_ENUM_CONVERSION = YES;
				CLANG_WARN_INFINITE_RECURSION = YES;
				CLANG_WARN_INT_CONVERSION = YES;
				CLANG_WARN_NON_LITERAL_NULL_CONVERSION = YES;
				CLANG_WARN_OBJC_IMPLICIT_RETAIN_SELF = YES;
				CLANG_WARN_OBJC_LITERAL_CONVERSION = YES;
				CLANG_WARN_OBJC_ROOT_CLASS = YES_ERROR;
				CLANG_WARN_QUOTED_INCLUDE_IN_FRAMEWORK_HEADER = YES;
				CLANG_WARN_RANGE_LOOP_ANALYSIS = YES;
				CLANG_WARN_STRICT_PROTOTYPES = YES;
				CLANG_WARN_SUSPICIOUS_MOVE = YES;
				CLANG_WARN_UNGUARDED_AVAILABILITY = YES_AGGRESSIVE;
				CLANG_WARN_UNREACHABLE_CODE = YES;
				CLANG_WARN__DUPLICATE_METHOD_MATCH = YES;
				COPY_PHASE_STRIP = NO;
				DEBUG_INFORMATION_FORMAT = dwarf;
				ENABLE_STRICT_OBJC_MSGSEND = YES;
				ENABLE_TESTABILITY = YES;
				GCC_C_LANGUAGE_STANDARD = gnu11;
				GCC_DYNAMIC_NO_PIC = NO;
				GCC_NO_COMMON_BLOCKS = YES;
				GCC_OPTIMIZATION_LEVEL = 0;
				GCC_PREPROCESSOR_DEFINITIONS = (
					"DEBUG=1",
					"$(inherited)",
				);
				GCC_WARN_64_TO_32_BIT_CONVERSION = YES;
				GCC_WARN_ABOUT_RETURN_TYPE = YES_ERROR;
				GCC_WARN_UNDECLARED_SELECTOR = YES;
				GCC_WARN_UNINITIALIZED_AUTOS = YES_AGGRESSIVE;
				GCC_WARN_UNUSED_FUNCTION = YES;
				GCC_WARN_UNUSED_VARIABLE = YES;
				IPHONEOS_DEPLOYMENT_TARGET = 14.4;
				MTL_ENABLE_DEBUG_INFO = INCLUDE_SOURCE;
				MTL_FAST_MATH = YES;
				ONLY_ACTIVE_ARCH = YES;
				SDKROOT = iphoneos;
				SWIFT_ACTIVE_COMPILATION_CONDITIONS = DEBUG;
				SWIFT_OPTIMIZATION_LEVEL = "-Onone";
			};
			name = Debug;
		};
		AF09FF2025FCD660003A2B73 /* Release */ = {
			isa = XCBuildConfiguration;
			buildSettings = {
				ALWAYS_SEARCH_USER_PATHS = NO;
				CLANG_ANALYZER_NONNULL = YES;
				CLANG_ANALYZER_NUMBER_OBJECT_CONVERSION = YES_AGGRESSIVE;
				CLANG_CXX_LANGUAGE_STANDARD = "gnu++14";
				CLANG_CXX_LIBRARY = "libc++";
				CLANG_ENABLE_MODULES = YES;
				CLANG_ENABLE_OBJC_ARC = YES;
				CLANG_ENABLE_OBJC_WEAK = YES;
				CLANG_WARN_BLOCK_CAPTURE_AUTORELEASING = YES;
				CLANG_WARN_BOOL_CONVERSION = YES;
				CLANG_WARN_COMMA = YES;
				CLANG_WARN_CONSTANT_CONVERSION = YES;
				CLANG_WARN_DEPRECATED_OBJC_IMPLEMENTATIONS = YES;
				CLANG_WARN_DIRECT_OBJC_ISA_USAGE = YES_ERROR;
				CLANG_WARN_DOCUMENTATION_COMMENTS = YES;
				CLANG_WARN_EMPTY_BODY = YES;
				CLANG_WARN_ENUM_CONVERSION = YES;
				CLANG_WARN_INFINITE_RECURSION = YES;
				CLANG_WARN_INT_CONVERSION = YES;
				CLANG_WARN_NON_LITERAL_NULL_CONVERSION = YES;
				CLANG_WARN_OBJC_IMPLICIT_RETAIN_SELF = YES;
				CLANG_WARN_OBJC_LITERAL_CONVERSION = YES;
				CLANG_WARN_OBJC_ROOT_CLASS = YES_ERROR;
				CLANG_WARN_QUOTED_INCLUDE_IN_FRAMEWORK_HEADER = YES;
				CLANG_WARN_RANGE_LOOP_ANALYSIS = YES;
				CLANG_WARN_STRICT_PROTOTYPES = YES;
				CLANG_WARN_SUSPICIOUS_MOVE = YES;
				CLANG_WARN_UNGUARDED_AVAILABILITY = YES_AGGRESSIVE;
				CLANG_WARN_UNREACHABLE_CODE = YES;
				CLANG_WARN__DUPLICATE_METHOD_MATCH = YES;
				COPY_PHASE_STRIP = NO;
				DEBUG_INFORMATION_FORMAT = "dwarf-with-dsym";
				ENABLE_NS_ASSERTIONS = NO;
				ENABLE_STRICT_OBJC_MSGSEND = YES;
				GCC_C_LANGUAGE_STANDARD = gnu11;
				GCC_NO_COMMON_BLOCKS = YES;
				GCC_WARN_64_TO_32_BIT_CONVERSION = YES;
				GCC_WARN_ABOUT_RETURN_TYPE = YES_ERROR;
				GCC_WARN_UNDECLARED_SELECTOR = YES;
				GCC_WARN_UNINITIALIZED_AUTOS = YES_AGGRESSIVE;
				GCC_WARN_UNUSED_FUNCTION = YES;
				GCC_WARN_UNUSED_VARIABLE = YES;
				IPHONEOS_DEPLOYMENT_TARGET = 14.4;
				MTL_ENABLE_DEBUG_INFO = NO;
				MTL_FAST_MATH = YES;
				SDKROOT = iphoneos;
				SWIFT_COMPILATION_MODE = wholemodule;
				SWIFT_OPTIMIZATION_LEVEL = "-O";
				VALIDATE_PRODUCT = YES;
			};
			name = Release;
		};
		AF09FF2225FCD660003A2B73 /* Debug */ = {
			isa = XCBuildConfiguration;
			buildSettings = {
				ASSETCATALOG_COMPILER_APPICON_NAME = AppIcon;
				ASSETCATALOG_COMPILER_GLOBAL_ACCENT_COLOR_NAME = AccentColor;
				CODE_SIGN_STYLE = Automatic;
				DEVELOPMENT_ASSET_PATHS = "\"EmojiArt/Preview Content\"";
				DEVELOPMENT_TEAM = T32YNJG3RS;
				ENABLE_PREVIEWS = YES;
				INFOPLIST_FILE = EmojiArt/Info.plist;
				IPHONEOS_DEPLOYMENT_TARGET = 14.0;
				LD_RUNPATH_SEARCH_PATHS = (
					"$(inherited)",
					"@executable_path/Frameworks",
				);
				PRODUCT_BUNDLE_IDENTIFIER = UC.EmojiArt;
				PRODUCT_NAME = "$(TARGET_NAME)";
				SWIFT_VERSION = 5.0;
				TARGETED_DEVICE_FAMILY = "1,2";
			};
			name = Debug;
		};
		AF09FF2325FCD660003A2B73 /* Release */ = {
			isa = XCBuildConfiguration;
			buildSettings = {
				ASSETCATALOG_COMPILER_APPICON_NAME = AppIcon;
				ASSETCATALOG_COMPILER_GLOBAL_ACCENT_COLOR_NAME = AccentColor;
				CODE_SIGN_STYLE = Automatic;
				DEVELOPMENT_ASSET_PATHS = "\"EmojiArt/Preview Content\"";
				DEVELOPMENT_TEAM = T32YNJG3RS;
				ENABLE_PREVIEWS = YES;
				INFOPLIST_FILE = EmojiArt/Info.plist;
				IPHONEOS_DEPLOYMENT_TARGET = 14.0;
				LD_RUNPATH_SEARCH_PATHS = (
					"$(inherited)",
					"@executable_path/Frameworks",
				);
				PRODUCT_BUNDLE_IDENTIFIER = UC.EmojiArt;
				PRODUCT_NAME = "$(TARGET_NAME)";
				SWIFT_VERSION = 5.0;
				TARGETED_DEVICE_FAMILY = "1,2";
			};
			name = Release;
		};
		AF09FF2525FCD660003A2B73 /* Debug */ = {
			isa = XCBuildConfiguration;
			buildSettings = {
				ALWAYS_EMBED_SWIFT_STANDARD_LIBRARIES = YES;
				BUNDLE_LOADER = "$(TEST_HOST)";
				CODE_SIGN_STYLE = Automatic;
				DEVELOPMENT_TEAM = T32YNJG3RS;
				INFOPLIST_FILE = EmojiArtTests/Info.plist;
				IPHONEOS_DEPLOYMENT_TARGET = 14.0;
				LD_RUNPATH_SEARCH_PATHS = (
					"$(inherited)",
					"@executable_path/Frameworks",
					"@loader_path/Frameworks",
				);
				PRODUCT_BUNDLE_IDENTIFIER = UC.EmojiArtTests;
				PRODUCT_NAME = "$(TARGET_NAME)";
				SWIFT_VERSION = 5.0;
				TARGETED_DEVICE_FAMILY = "1,2";
				TEST_HOST = "$(BUILT_PRODUCTS_DIR)/EmojiArt.app/EmojiArt";
			};
			name = Debug;
		};
		AF09FF2625FCD660003A2B73 /* Release */ = {
			isa = XCBuildConfiguration;
			buildSettings = {
				ALWAYS_EMBED_SWIFT_STANDARD_LIBRARIES = YES;
				BUNDLE_LOADER = "$(TEST_HOST)";
				CODE_SIGN_STYLE = Automatic;
				DEVELOPMENT_TEAM = T32YNJG3RS;
				INFOPLIST_FILE = EmojiArtTests/Info.plist;
				IPHONEOS_DEPLOYMENT_TARGET = 14.0;
				LD_RUNPATH_SEARCH_PATHS = (
					"$(inherited)",
					"@executable_path/Frameworks",
					"@loader_path/Frameworks",
				);
				PRODUCT_BUNDLE_IDENTIFIER = UC.EmojiArtTests;
				PRODUCT_NAME = "$(TARGET_NAME)";
				SWIFT_VERSION = 5.0;
				TARGETED_DEVICE_FAMILY = "1,2";
				TEST_HOST = "$(BUILT_PRODUCTS_DIR)/EmojiArt.app/EmojiArt";
			};
			name = Release;
		};
		AF09FF2825FCD660003A2B73 /* Debug */ = {
			isa = XCBuildConfiguration;
			buildSettings = {
				ALWAYS_EMBED_SWIFT_STANDARD_LIBRARIES = YES;
				CODE_SIGN_STYLE = Automatic;
				DEVELOPMENT_TEAM = T32YNJG3RS;
				INFOPLIST_FILE = EmojiArtUITests/Info.plist;
				LD_RUNPATH_SEARCH_PATHS = (
					"$(inherited)",
					"@executable_path/Frameworks",
					"@loader_path/Frameworks",
				);
				PRODUCT_BUNDLE_IDENTIFIER = UC.EmojiArtUITests;
				PRODUCT_NAME = "$(TARGET_NAME)";
				SWIFT_VERSION = 5.0;
				TARGETED_DEVICE_FAMILY = "1,2";
				TEST_TARGET_NAME = EmojiArt;
			};
			name = Debug;
		};
		AF09FF2925FCD660003A2B73 /* Release */ = {
			isa = XCBuildConfiguration;
			buildSettings = {
				ALWAYS_EMBED_SWIFT_STANDARD_LIBRARIES = YES;
				CODE_SIGN_STYLE = Automatic;
				DEVELOPMENT_TEAM = T32YNJG3RS;
				INFOPLIST_FILE = EmojiArtUITests/Info.plist;
				LD_RUNPATH_SEARCH_PATHS = (
					"$(inherited)",
					"@executable_path/Frameworks",
					"@loader_path/Frameworks",
				);
				PRODUCT_BUNDLE_IDENTIFIER = UC.EmojiArtUITests;
				PRODUCT_NAME = "$(TARGET_NAME)";
				SWIFT_VERSION = 5.0;
				TARGETED_DEVICE_FAMILY = "1,2";
				TEST_TARGET_NAME = EmojiArt;
			};
			name = Release;
		};
/* End XCBuildConfiguration section */

/* Begin XCConfigurationList section */
		AF09FEF725FCD65F003A2B73 /* Build configuration list for PBXProject "EmojiArt" */ = {
			isa = XCConfigurationList;
			buildConfigurations = (
				AF09FF1F25FCD660003A2B73 /* Debug */,
				AF09FF2025FCD660003A2B73 /* Release */,
			);
			defaultConfigurationIsVisible = 0;
			defaultConfigurationName = Release;
		};
		AF09FF2125FCD660003A2B73 /* Build configuration list for PBXNativeTarget "EmojiArt" */ = {
			isa = XCConfigurationList;
			buildConfigurations = (
				AF09FF2225FCD660003A2B73 /* Debug */,
				AF09FF2325FCD660003A2B73 /* Release */,
			);
			defaultConfigurationIsVisible = 0;
			defaultConfigurationName = Release;
		};
		AF09FF2425FCD660003A2B73 /* Build configuration list for PBXNativeTarget "EmojiArtTests" */ = {
			isa = XCConfigurationList;
			buildConfigurations = (
				AF09FF2525FCD660003A2B73 /* Debug */,
				AF09FF2625FCD660003A2B73 /* Release */,
			);
			defaultConfigurationIsVisible = 0;
			defaultConfigurationName = Release;
		};
		AF09FF2725FCD660003A2B73 /* Build configuration list for PBXNativeTarget "EmojiArtUITests" */ = {
			isa = XCConfigurationList;
			buildConfigurations = (
				AF09FF2825FCD660003A2B73 /* Debug */,
				AF09FF2925FCD660003A2B73 /* Release */,
			);
			defaultConfigurationIsVisible = 0;
			defaultConfigurationName = Release;
		};
/* End XCConfigurationList section */
	};
	rootObject = AF09FEF425FCD65F003A2B73 /* Project object */;
}
